
Microsoft Visual Studio Solution File, Format Version 12.00
Project("{2150E333-8FDC-42A3-9474-1A3956D46DE8}") = "Application", "Application", "{62DC1597-C1CE-454B-B738-2932C590DBE5}"
EndProject
Project("{2150E333-8FDC-42A3-9474-1A3956D46DE8}") = "Domain", "Domain", "{1F187FEF-F3D5-4C43-BE55-8119F5984CDF}"
EndProject
Project("{2150E333-8FDC-42A3-9474-1A3956D46DE8}") = "Infra.IoC", "Infra.IoC", "{FBAAB9F5-3522-4FD0-AB90-14F357C570B8}"
EndProject
Project("{2150E333-8FDC-42A3-9474-1A3956D46DE8}") = "Infra.Data", "Infra.Data", "{E740EBA3-C325-483D-9A1E-BC0A27A66E42}"
EndProject
Project("{2150E333-8FDC-42A3-9474-1A3956D46DE8}") = "Presentation", "Presentation", "{540BC86F-6B80-44FE-A731-7B8AD3295CC3}"
EndProject
Project("{FAE04EC0-301F-11D3-BF4B-00C04F79EFBC}") = "CleanArch.Mvc", "CleanArch.Mvc\CleanArch.Mvc.csproj", "{1F75B9B7-9077-4A05-A17D-49C3F25F09BD}"
EndProject
Project("{FAE04EC0-301F-11D3-BF4B-00C04F79EFBC}") = "CleanArch.Domain", "CleanArch.Domain\CleanArch.Domain.csproj", "{05B03604-76AE-44F1-804A-DDFE9E44C517}"
EndProject
Project("{FAE04EC0-301F-11D3-BF4B-00C04F79EFBC}") = "CleanArch.Infra.Data", "CleanArch.Infra.Data\CleanArch.Infra.Data.csproj", "{24D94200-CF02-4902-AE7B-BE83466312A6}"
EndProject
Project("{FAE04EC0-301F-11D3-BF4B-00C04F79EFBC}") = "CleanArch.Application", "CleanArch.Application\CleanArch.Application.csproj", "{42BD7A63-6B64-4D26-AB62-9318B76CE0AC}"
EndProject
Project("{FAE04EC0-301F-11D3-BF4B-00C04F79EFBC}") = "CleanArch.Infra.IoC", "CleanArch.Infra.IoC\CleanArch.Infra.IoC.csproj", "{8418ED33-21FA-44B3-A2BA-66BD2F4A370E}"
EndProject
Project("{2150E333-8FDC-42A3-9474-1A3956D46DE8}") = "Infra.Bus", "Infra.Bus", "{DC033B06-1B50-4772-B863-76EBC79C006A}"
EndProject
Project("{2150E333-8FDC-42A3-9474-1A3956D46DE8}") = "Api", "Api", "{87B651D0-2905-4737-8B2D-417B96D03206}"
EndProject
Global
	GlobalSection(SolutionConfigurationPlatforms) = preSolution
		Debug|Any CPU = Debug|Any CPU
		Release|Any CPU = Release|Any CPU
	EndGlobalSection
	GlobalSection(NestedProjects) = preSolution
		{1F75B9B7-9077-4A05-A17D-49C3F25F09BD} = {540BC86F-6B80-44FE-A731-7B8AD3295CC3}
		{05B03604-76AE-44F1-804A-DDFE9E44C517} = {1F187FEF-F3D5-4C43-BE55-8119F5984CDF}
		{24D94200-CF02-4902-AE7B-BE83466312A6} = {E740EBA3-C325-483D-9A1E-BC0A27A66E42}
		{42BD7A63-6B64-4D26-AB62-9318B76CE0AC} = {62DC1597-C1CE-454B-B738-2932C590DBE5}
		{8418ED33-21FA-44B3-A2BA-66BD2F4A370E} = {FBAAB9F5-3522-4FD0-AB90-14F357C570B8}
	EndGlobalSection
	GlobalSection(ProjectConfigurationPlatforms) = postSolution
		{1F75B9B7-9077-4A05-A17D-49C3F25F09BD}.Debug|Any CPU.ActiveCfg = Debug|Any CPU
		{1F75B9B7-9077-4A05-A17D-49C3F25F09BD}.Debug|Any CPU.Build.0 = Debug|Any CPU
		{1F75B9B7-9077-4A05-A17D-49C3F25F09BD}.Release|Any CPU.ActiveCfg = Release|Any CPU
		{1F75B9B7-9077-4A05-A17D-49C3F25F09BD}.Release|Any CPU.Build.0 = Release|Any CPU
		{05B03604-76AE-44F1-804A-DDFE9E44C517}.Debug|Any CPU.ActiveCfg = Debug|Any CPU
		{05B03604-76AE-44F1-804A-DDFE9E44C517}.Debug|Any CPU.Build.0 = Debug|Any CPU
		{05B03604-76AE-44F1-804A-DDFE9E44C517}.Release|Any CPU.ActiveCfg = Release|Any CPU
		{05B03604-76AE-44F1-804A-DDFE9E44C517}.Release|Any CPU.Build.0 = Release|Any CPU
		{24D94200-CF02-4902-AE7B-BE83466312A6}.Debug|Any CPU.ActiveCfg = Debug|Any CPU
		{24D94200-CF02-4902-AE7B-BE83466312A6}.Debug|Any CPU.Build.0 = Debug|Any CPU
		{24D94200-CF02-4902-AE7B-BE83466312A6}.Release|Any CPU.ActiveCfg = Release|Any CPU
		{24D94200-CF02-4902-AE7B-BE83466312A6}.Release|Any CPU.Build.0 = Release|Any CPU
		{42BD7A63-6B64-4D26-AB62-9318B76CE0AC}.Debug|Any CPU.ActiveCfg = Debug|Any CPU
		{42BD7A63-6B64-4D26-AB62-9318B76CE0AC}.Debug|Any CPU.Build.0 = Debug|Any CPU
		{42BD7A63-6B64-4D26-AB62-9318B76CE0AC}.Release|Any CPU.ActiveCfg = Release|Any CPU
		{42BD7A63-6B64-4D26-AB62-9318B76CE0AC}.Release|Any CPU.Build.0 = Release|Any CPU
		{8418ED33-21FA-44B3-A2BA-66BD2F4A370E}.Debug|Any CPU.ActiveCfg = Debug|Any CPU
		{8418ED33-21FA-44B3-A2BA-66BD2F4A370E}.Debug|Any CPU.Build.0 = Debug|Any CPU
		{8418ED33-21FA-44B3-A2BA-66BD2F4A370E}.Release|Any CPU.ActiveCfg = Release|Any CPU
		{8418ED33-21FA-44B3-A2BA-66BD2F4A370E}.Release|Any CPU.Build.0 = Release|Any CPU
	EndGlobalSection
EndGlobal
